
Microsoft Visual Studio Solution File, Format Version 12.00
# Visual Studio Version 17
VisualStudioVersion = 17.0.31903.59
MinimumVisualStudioVersion = 10.0.40219.1
Project("{FAE04EC0-301F-11D3-BF4B-00C04F79EFBC}") = "CarMechanic", "CarMechanic\CarMechanic.csproj", "{BE15E37D-8E0E-4BDF-95C4-AF3ECB3E93DE}"
EndProject
Project("{FAE04EC0-301F-11D3-BF4B-00C04F79EFBC}") = "CarMechanic.UI", "CarMechanic.UI\CarMechanic.UI.csproj", "{F3E47CD4-9E01-44AA-BB22-334D05FA3442}"
EndProject
Project("{FAE04EC0-301F-11D3-BF4B-00C04F79EFBC}") = "CarMechanic.Shared", "CarMechanic.Shared\CarMechanic.Shared.csproj", "{5EB1BBC8-B4AC-41D6-A03B-677AD1BAD851}"
EndProject
Global
	GlobalSection(SolutionConfigurationPlatforms) = preSolution
		Debug|Any CPU = Debug|Any CPU
		Release|Any CPU = Release|Any CPU
	EndGlobalSection
	GlobalSection(SolutionProperties) = preSolution
		HideSolutionNode = FALSE
	EndGlobalSection
	GlobalSection(ProjectConfigurationPlatforms) = postSolution
		{BE15E37D-8E0E-4BDF-95C4-AF3ECB3E93DE}.Debug|Any CPU.ActiveCfg = Debug|Any CPU
		{BE15E37D-8E0E-4BDF-95C4-AF3ECB3E93DE}.Debug|Any CPU.Build.0 = Debug|Any CPU
		{BE15E37D-8E0E-4BDF-95C4-AF3ECB3E93DE}.Release|Any CPU.ActiveCfg = Release|Any CPU
		{BE15E37D-8E0E-4BDF-95C4-AF3ECB3E93DE}.Release|Any CPU.Build.0 = Release|Any CPU
		{F3E47CD4-9E01-44AA-BB22-334D05FA3442}.Debug|Any CPU.ActiveCfg = Debug|Any CPU
		{F3E47CD4-9E01-44AA-BB22-334D05FA3442}.Debug|Any CPU.Build.0 = Debug|Any CPU
		{F3E47CD4-9E01-44AA-BB22-334D05FA3442}.Release|Any CPU.ActiveCfg = Release|Any CPU
		{F3E47CD4-9E01-44AA-BB22-334D05FA3442}.Release|Any CPU.Build.0 = Release|Any CPU
		{5EB1BBC8-B4AC-41D6-A03B-677AD1BAD851}.Debug|Any CPU.ActiveCfg = Debug|Any CPU
		{5EB1BBC8-B4AC-41D6-A03B-677AD1BAD851}.Debug|Any CPU.Build.0 = Debug|Any CPU
		{5EB1BBC8-B4AC-41D6-A03B-677AD1BAD851}.Release|Any CPU.ActiveCfg = Release|Any CPU
		{5EB1BBC8-B4AC-41D6-A03B-677AD1BAD851}.Release|Any CPU.Build.0 = Release|Any CPU
	EndGlobalSection
EndGlobal
